
Microsoft Visual Studio Solution File, Format Version 12.00
# Visual Studio Version 16
VisualStudioVersion = 16.0.30114.105
MinimumVisualStudioVersion = 10.0.40219.1
Project("{9A19103F-16F7-4668-BE54-9A1E7A4F7556}") = "AVAS.Web", "AVAS.Web\AVAS.Web.csproj", "{48F23D32-E06B-443B-9821-18D5F34737EF}"
EndProject
Project("{2150E333-8FDC-42A3-9474-1A3956D46DE8}") = "Solution Items", "Solution Items", "{E48C07FC-5270-49AF-B5DD-39F759814D58}"
	ProjectSection(SolutionItems) = preProject
		.gitignore = .gitignore
		readme.md = readme.md
		service-steps.txt = service-steps.txt
	EndProjectSection
EndProject
Project("{9A19103F-16F7-4668-BE54-9A1E7A4F7556}") = "AVAS.Core", "AVAS.Core\AVAS.Core.csproj", "{9F83180A-6CB2-494B-960B-E81FEEE3640F}"
EndProject
Project("{9A19103F-16F7-4668-BE54-9A1E7A4F7556}") = "AVAS.Job.App", "AVAS.Job.App\AVAS.Job.App.csproj", "{6C7F2778-0D60-4E3B-BBAD-261618926B84}"
EndProject
Project("{9A19103F-16F7-4668-BE54-9A1E7A4F7556}") = "AVAS.Job.Core", "AVAS.Job.Core\AVAS.Job.Core.csproj", "{774F985F-BB42-44E9-BF7C-1041B8CAD282}"
EndProject
Project("{FAE04EC0-301F-11D3-BF4B-00C04F79EFBC}") = "AVAS.Job.Service", "AVAS.Job.Service\AVAS.Job.Service.csproj", "{380CD169-A04B-4D4D-BA7C-50E9DBA6E3B3}"
EndProject
Global
	GlobalSection(SolutionConfigurationPlatforms) = preSolution
		Debug|Any CPU = Debug|Any CPU
		Debug|ARM = Debug|ARM
		Debug|ARM64 = Debug|ARM64
		Debug|x64 = Debug|x64
		Debug|x86 = Debug|x86
		Release|Any CPU = Release|Any CPU
		Release|ARM = Release|ARM
		Release|ARM64 = Release|ARM64
		Release|x64 = Release|x64
		Release|x86 = Release|x86
	EndGlobalSection
	GlobalSection(ProjectConfigurationPlatforms) = postSolution
		{48F23D32-E06B-443B-9821-18D5F34737EF}.Debug|Any CPU.ActiveCfg = Debug|Any CPU
		{48F23D32-E06B-443B-9821-18D5F34737EF}.Debug|Any CPU.Build.0 = Debug|Any CPU
		{48F23D32-E06B-443B-9821-18D5F34737EF}.Debug|ARM.ActiveCfg = Debug|Any CPU
		{48F23D32-E06B-443B-9821-18D5F34737EF}.Debug|ARM.Build.0 = Debug|Any CPU
		{48F23D32-E06B-443B-9821-18D5F34737EF}.Debug|ARM64.ActiveCfg = Debug|Any CPU
		{48F23D32-E06B-443B-9821-18D5F34737EF}.Debug|ARM64.Build.0 = Debug|Any CPU
		{48F23D32-E06B-443B-9821-18D5F34737EF}.Debug|x64.ActiveCfg = Debug|Any CPU
		{48F23D32-E06B-443B-9821-18D5F34737EF}.Debug|x64.Build.0 = Debug|Any CPU
		{48F23D32-E06B-443B-9821-18D5F34737EF}.Debug|x86.ActiveCfg = Debug|Any CPU
		{48F23D32-E06B-443B-9821-18D5F34737EF}.Debug|x86.Build.0 = Debug|Any CPU
		{48F23D32-E06B-443B-9821-18D5F34737EF}.Release|Any CPU.ActiveCfg = Release|Any CPU
		{48F23D32-E06B-443B-9821-18D5F34737EF}.Release|Any CPU.Build.0 = Release|Any CPU
		{48F23D32-E06B-443B-9821-18D5F34737EF}.Release|ARM.ActiveCfg = Release|Any CPU
		{48F23D32-E06B-443B-9821-18D5F34737EF}.Release|ARM.Build.0 = Release|Any CPU
		{48F23D32-E06B-443B-9821-18D5F34737EF}.Release|ARM64.ActiveCfg = Release|Any CPU
		{48F23D32-E06B-443B-9821-18D5F34737EF}.Release|ARM64.Build.0 = Release|Any CPU
		{48F23D32-E06B-443B-9821-18D5F34737EF}.Release|x64.ActiveCfg = Release|Any CPU
		{48F23D32-E06B-443B-9821-18D5F34737EF}.Release|x64.Build.0 = Release|Any CPU
		{48F23D32-E06B-443B-9821-18D5F34737EF}.Release|x86.ActiveCfg = Release|Any CPU
		{48F23D32-E06B-443B-9821-18D5F34737EF}.Release|x86.Build.0 = Release|Any CPU
		{9F83180A-6CB2-494B-960B-E81FEEE3640F}.Debug|Any CPU.ActiveCfg = Debug|Any CPU
		{9F83180A-6CB2-494B-960B-E81FEEE3640F}.Debug|Any CPU.Build.0 = Debug|Any CPU
		{9F83180A-6CB2-494B-960B-E81FEEE3640F}.Debug|ARM.ActiveCfg = Debug|Any CPU
		{9F83180A-6CB2-494B-960B-E81FEEE3640F}.Debug|ARM.Build.0 = Debug|Any CPU
		{9F83180A-6CB2-494B-960B-E81FEEE3640F}.Debug|ARM64.ActiveCfg = Debug|Any CPU
		{9F83180A-6CB2-494B-960B-E81FEEE3640F}.Debug|ARM64.Build.0 = Debug|Any CPU
		{9F83180A-6CB2-494B-960B-E81FEEE3640F}.Debug|x64.ActiveCfg = Debug|Any CPU
		{9F83180A-6CB2-494B-960B-E81FEEE3640F}.Debug|x64.Build.0 = Debug|Any CPU
		{9F83180A-6CB2-494B-960B-E81FEEE3640F}.Debug|x86.ActiveCfg = Debug|Any CPU
		{9F83180A-6CB2-494B-960B-E81FEEE3640F}.Debug|x86.Build.0 = Debug|Any CPU
		{9F83180A-6CB2-494B-960B-E81FEEE3640F}.Release|Any CPU.ActiveCfg = Release|Any CPU
		{9F83180A-6CB2-494B-960B-E81FEEE3640F}.Release|Any CPU.Build.0 = Release|Any CPU
		{9F83180A-6CB2-494B-960B-E81FEEE3640F}.Release|ARM.ActiveCfg = Release|Any CPU
		{9F83180A-6CB2-494B-960B-E81FEEE3640F}.Release|ARM.Build.0 = Release|Any CPU
		{9F83180A-6CB2-494B-960B-E81FEEE3640F}.Release|ARM64.ActiveCfg = Release|Any CPU
		{9F83180A-6CB2-494B-960B-E81FEEE3640F}.Release|ARM64.Build.0 = Release|Any CPU
		{9F83180A-6CB2-494B-960B-E81FEEE3640F}.Release|x64.ActiveCfg = Release|Any CPU
		{9F83180A-6CB2-494B-960B-E81FEEE3640F}.Release|x64.Build.0 = Release|Any CPU
		{9F83180A-6CB2-494B-960B-E81FEEE3640F}.Release|x86.ActiveCfg = Release|Any CPU
		{9F83180A-6CB2-494B-960B-E81FEEE3640F}.Release|x86.Build.0 = Release|Any CPU
		{6C7F2778-0D60-4E3B-BBAD-261618926B84}.Debug|Any CPU.ActiveCfg = Debug|Any CPU
		{6C7F2778-0D60-4E3B-BBAD-261618926B84}.Debug|Any CPU.Build.0 = Debug|Any CPU
		{6C7F2778-0D60-4E3B-BBAD-261618926B84}.Debug|ARM.ActiveCfg = Debug|Any CPU
		{6C7F2778-0D60-4E3B-BBAD-261618926B84}.Debug|ARM.Build.0 = Debug|Any CPU
		{6C7F2778-0D60-4E3B-BBAD-261618926B84}.Debug|ARM64.ActiveCfg = Debug|Any CPU
		{6C7F2778-0D60-4E3B-BBAD-261618926B84}.Debug|ARM64.Build.0 = Debug|Any CPU
		{6C7F2778-0D60-4E3B-BBAD-261618926B84}.Debug|x64.ActiveCfg = Debug|Any CPU
		{6C7F2778-0D60-4E3B-BBAD-261618926B84}.Debug|x64.Build.0 = Debug|Any CPU
		{6C7F2778-0D60-4E3B-BBAD-261618926B84}.Debug|x86.ActiveCfg = Debug|Any CPU
		{6C7F2778-0D60-4E3B-BBAD-261618926B84}.Debug|x86.Build.0 = Debug|Any CPU
		{6C7F2778-0D60-4E3B-BBAD-261618926B84}.Release|Any CPU.ActiveCfg = Release|Any CPU
		{6C7F2778-0D60-4E3B-BBAD-261618926B84}.Release|Any CPU.Build.0 = Release|Any CPU
		{6C7F2778-0D60-4E3B-BBAD-261618926B84}.Release|ARM.ActiveCfg = Release|Any CPU
		{6C7F2778-0D60-4E3B-BBAD-261618926B84}.Release|ARM.Build.0 = Release|Any CPU
		{6C7F2778-0D60-4E3B-BBAD-261618926B84}.Release|ARM64.ActiveCfg = Release|Any CPU
		{6C7F2778-0D60-4E3B-BBAD-261618926B84}.Release|ARM64.Build.0 = Release|Any CPU
		{6C7F2778-0D60-4E3B-BBAD-261618926B84}.Release|x64.ActiveCfg = Release|Any CPU
		{6C7F2778-0D60-4E3B-BBAD-261618926B84}.Release|x64.Build.0 = Release|Any CPU
		{6C7F2778-0D60-4E3B-BBAD-261618926B84}.Release|x86.ActiveCfg = Release|Any CPU
		{6C7F2778-0D60-4E3B-BBAD-261618926B84}.Release|x86.Build.0 = Release|Any CPU
		{774F985F-BB42-44E9-BF7C-1041B8CAD282}.Debug|Any CPU.ActiveCfg = Debug|Any CPU
		{774F985F-BB42-44E9-BF7C-1041B8CAD282}.Debug|Any CPU.Build.0 = Debug|Any CPU
		{774F985F-BB42-44E9-BF7C-1041B8CAD282}.Debug|ARM.ActiveCfg = Debug|Any CPU
		{774F985F-BB42-44E9-BF7C-1041B8CAD282}.Debug|ARM.Build.0 = Debug|Any CPU
		{774F985F-BB42-44E9-BF7C-1041B8CAD282}.Debug|ARM64.ActiveCfg = Debug|Any CPU
		{774F985F-BB42-44E9-BF7C-1041B8CAD282}.Debug|ARM64.Build.0 = Debug|Any CPU
		{774F985F-BB42-44E9-BF7C-1041B8CAD282}.Debug|x64.ActiveCfg = Debug|Any CPU
		{774F985F-BB42-44E9-BF7C-1041B8CAD282}.Debug|x64.Build.0 = Debug|Any CPU
		{774F985F-BB42-44E9-BF7C-1041B8CAD282}.Debug|x86.ActiveCfg = Debug|Any CPU
		{774F985F-BB42-44E9-BF7C-1041B8CAD282}.Debug|x86.Build.0 = Debug|Any CPU
		{774F985F-BB42-44E9-BF7C-1041B8CAD282}.Release|Any CPU.ActiveCfg = Release|Any CPU
		{774F985F-BB42-44E9-BF7C-1041B8CAD282}.Release|Any CPU.Build.0 = Release|Any CPU
		{774F985F-BB42-44E9-BF7C-1041B8CAD282}.Release|ARM.ActiveCfg = Release|Any CPU
		{774F985F-BB42-44E9-BF7C-1041B8CAD282}.Release|ARM.Build.0 = Release|Any CPU
		{774F985F-BB42-44E9-BF7C-1041B8CAD282}.Release|ARM64.ActiveCfg = Release|Any CPU
		{774F985F-BB42-44E9-BF7C-1041B8CAD282}.Release|ARM64.Build.0 = Release|Any CPU
		{774F985F-BB42-44E9-BF7C-1041B8CAD282}.Release|x64.ActiveCfg = Release|Any CPU
		{774F985F-BB42-44E9-BF7C-1041B8CAD282}.Release|x64.Build.0 = Release|Any CPU
		{774F985F-BB42-44E9-BF7C-1041B8CAD282}.Release|x86.ActiveCfg = Release|Any CPU
		{774F985F-BB42-44E9-BF7C-1041B8CAD282}.Release|x86.Build.0 = Release|Any CPU
		{380CD169-A04B-4D4D-BA7C-50E9DBA6E3B3}.Debug|Any CPU.ActiveCfg = Debug|Any CPU
		{380CD169-A04B-4D4D-BA7C-50E9DBA6E3B3}.Debug|Any CPU.Build.0 = Debug|Any CPU
		{380CD169-A04B-4D4D-BA7C-50E9DBA6E3B3}.Debug|ARM.ActiveCfg = Debug|Any CPU
		{380CD169-A04B-4D4D-BA7C-50E9DBA6E3B3}.Debug|ARM.Build.0 = Debug|Any CPU
		{380CD169-A04B-4D4D-BA7C-50E9DBA6E3B3}.Debug|ARM64.ActiveCfg = Debug|Any CPU
		{380CD169-A04B-4D4D-BA7C-50E9DBA6E3B3}.Debug|ARM64.Build.0 = Debug|Any CPU
		{380CD169-A04B-4D4D-BA7C-50E9DBA6E3B3}.Debug|x64.ActiveCfg = Debug|Any CPU
		{380CD169-A04B-4D4D-BA7C-50E9DBA6E3B3}.Debug|x64.Build.0 = Debug|Any CPU
		{380CD169-A04B-4D4D-BA7C-50E9DBA6E3B3}.Debug|x86.ActiveCfg = Debug|Any CPU
		{380CD169-A04B-4D4D-BA7C-50E9DBA6E3B3}.Debug|x86.Build.0 = Debug|Any CPU
		{380CD169-A04B-4D4D-BA7C-50E9DBA6E3B3}.Release|Any CPU.ActiveCfg = Release|Any CPU
		{380CD169-A04B-4D4D-BA7C-50E9DBA6E3B3}.Release|Any CPU.Build.0 = Release|Any CPU
		{380CD169-A04B-4D4D-BA7C-50E9DBA6E3B3}.Release|ARM.ActiveCfg = Release|Any CPU
		{380CD169-A04B-4D4D-BA7C-50E9DBA6E3B3}.Release|ARM.Build.0 = Release|Any CPU
		{380CD169-A04B-4D4D-BA7C-50E9DBA6E3B3}.Release|ARM64.ActiveCfg = Release|Any CPU
		{380CD169-A04B-4D4D-BA7C-50E9DBA6E3B3}.Release|ARM64.Build.0 = Release|Any CPU
		{380CD169-A04B-4D4D-BA7C-50E9DBA6E3B3}.Release|x64.ActiveCfg = Release|Any CPU
		{380CD169-A04B-4D4D-BA7C-50E9DBA6E3B3}.Release|x64.Build.0 = Release|Any CPU
		{380CD169-A04B-4D4D-BA7C-50E9DBA6E3B3}.Release|x86.ActiveCfg = Release|Any CPU
		{380CD169-A04B-4D4D-BA7C-50E9DBA6E3B3}.Release|x86.Build.0 = Release|Any CPU
	EndGlobalSection
	GlobalSection(SolutionProperties) = preSolution
		HideSolutionNode = FALSE
	EndGlobalSection
	GlobalSection(ExtensibilityGlobals) = postSolution
		SolutionGuid = {D4AFD527-ABE8-4C4A-96A9-E2F7F22685EF}
	EndGlobalSection
EndGlobal
